// !$*UTF8*$!
{
	archiveVersion = 1;
	classes = {
	};
	objectVersion = 46;
	objects = {

/* Begin PBXBuildFile section */
		D6036C791DAE8573007BECE0 /* main.swift in Sources */ = {isa = PBXBuildFile; fileRef = D6036C781DAE8573007BECE0 /* main.swift */; };
		D6036C8C1DAE90DD007BECE0 /* Io.swift in Sources */ = {isa = PBXBuildFile; fileRef = D6036C8B1DAE90DD007BECE0 /* Io.swift */; };
		D6036C8E1DAE90FA007BECE0 /* interactive.swift in Sources */ = {isa = PBXBuildFile; fileRef = D6036C8D1DAE90FA007BECE0 /* interactive.swift */; };
		D6036C901DAE91F3007BECE0 /* animal.swift in Sources */ = {isa = PBXBuildFile; fileRef = D6036C8F1DAE91F3007BECE0 /* animal.swift */; };
		D6036C921DAE9210007BECE0 /* person.swift in Sources */ = {isa = PBXBuildFile; fileRef = D6036C911DAE9210007BECE0 /* person.swift */; };
		D6036C941DAEAE25007BECE0 /* debsZoo.swift in Sources */ = {isa = PBXBuildFile; fileRef = D6036C931DAEAE25007BECE0 /* debsZoo.swift */; };
/* End PBXBuildFile section */

/* Begin PBXCopyFilesBuildPhase section */
		D6036C731DAE8573007BECE0 /* CopyFiles */ = {
			isa = PBXCopyFilesBuildPhase;
			buildActionMask = 2147483647;
			dstPath = /usr/share/man/man1/;
			dstSubfolderSpec = 0;
			files = (
			);
			runOnlyForDeploymentPostprocessing = 1;
		};
/* End PBXCopyFilesBuildPhase section */

/* Begin PBXFileReference section */
		D6036C751DAE8573007BECE0 /* debsZoo */ = {isa = PBXFileReference; explicitFileType = "compiled.mach-o.executable"; includeInIndex = 0; path = debsZoo; sourceTree = BUILT_PRODUCTS_DIR; };
		D6036C781DAE8573007BECE0 /* main.swift */ = {isa = PBXFileReference; lastKnownFileType = sourcecode.swift; path = main.swift; sourceTree = "<group>"; };
		D6036C8B1DAE90DD007BECE0 /* Io.swift */ = {isa = PBXFileReference; fileEncoding = 4; lastKnownFileType = sourcecode.swift; path = Io.swift; sourceTree = "<group>"; };
		D6036C8D1DAE90FA007BECE0 /* interactive.swift */ = {isa = PBXFileReference; fileEncoding = 4; lastKnownFileType = sourcecode.swift; path = interactive.swift; sourceTree = "<group>"; };
		D6036C8F1DAE91F3007BECE0 /* animal.swift */ = {isa = PBXFileReference; fileEncoding = 4; lastKnownFileType = sourcecode.swift; path = animal.swift; sourceTree = "<group>"; };
		D6036C911DAE9210007BECE0 /* person.swift */ = {isa = PBXFileReference; fileEncoding = 4; lastKnownFileType = sourcecode.swift; path = person.swift; sourceTree = "<group>"; };
		D6036C931DAEAE25007BECE0 /* debsZoo.swift */ = {isa = PBXFileReference; fileEncoding = 4; lastKnownFileType = sourcecode.swift; path = debsZoo.swift; sourceTree = "<group>"; };
/* End PBXFileReference section */

/* Begin PBXFrameworksBuildPhase section */
		D6036C721DAE8573007BECE0 /* Frameworks */ = {
			isa = PBXFrameworksBuildPhase;
			buildActionMask = 2147483647;
			files = (
			);
			runOnlyForDeploymentPostprocessing = 0;
		};
/* End PBXFrameworksBuildPhase section */

/* Begin PBXGroup section */
		D6036C6C1DAE8573007BECE0 = {
			isa = PBXGroup;
			children = (
				D6036C771DAE8573007BECE0 /* debsZoo */,
				D6036C761DAE8573007BECE0 /* Products */,
			);
			sourceTree = "<group>";
		};
		D6036C761DAE8573007BECE0 /* Products */ = {
			isa = PBXGroup;
			children = (
				D6036C751DAE8573007BECE0 /* debsZoo */,
			);
			name = Products;
			sourceTree = "<group>";
		};
		D6036C771DAE8573007BECE0 /* debsZoo */ = {
			isa = PBXGroup;
			children = (
				D6036C781DAE8573007BECE0 /* main.swift */,
				D6036C8B1DAE90DD007BECE0 /* Io.swift */,
				D6036C8D1DAE90FA007BECE0 /* interactive.swift */,
				D6036C8F1DAE91F3007BECE0 /* animal.swift */,
				D6036C911DAE9210007BECE0 /* person.swift */,
				D6036C931DAEAE25007BECE0 /* debsZoo.swift */,
			);
			path = debsZoo;
			sourceTree = "<group>";
		};
/* End PBXGroup section */

/* Begin PBXNativeTarget section */
		D6036C741DAE8573007BECE0 /* debsZoo */ = {
			isa = PBXNativeTarget;
			buildConfigurationList = D6036C7C1DAE8573007BECE0 /* Build configuration list for PBXNativeTarget "debsZoo" */;
			buildPhases = (
				D6036C711DAE8573007BECE0 /* Sources */,
				D6036C721DAE8573007BECE0 /* Frameworks */,
				D6036C731DAE8573007BECE0 /* CopyFiles */,
			);
			buildRules = (
			);
			dependencies = (
			);
			name = debsZoo;
			productName = debsZoo;
			productReference = D6036C751DAE8573007BECE0 /* debsZoo */;
			productType = "com.apple.product-type.tool";
		};
/* End PBXNativeTarget section */

/* Begin PBXProject section */
		D6036C6D1DAE8573007BECE0 /* Project object */ = {
			isa = PBXProject;
			attributes = {
				LastSwiftUpdateCheck = 0800;
				LastUpgradeCheck = 0800;
				ORGANIZATIONNAME = "Deb Ramey";
				TargetAttributes = {
					D6036C741DAE8573007BECE0 = {
						CreatedOnToolsVersion = 8.0;
						DevelopmentTeam = QX26TGVMF2;
						ProvisioningStyle = Automatic;
					};
				};
			};
			buildConfigurationList = D6036C701DAE8573007BECE0 /* Build configuration list for PBXProject "debsZoo" */;
			compatibilityVersion = "Xcode 3.2";
			developmentRegion = English;
			hasScannedForEncodings = 0;
			knownRegions = (
				en,
			);
			mainGroup = D6036C6C1DAE8573007BECE0;
			productRefGroup = D6036C761DAE8573007BECE0 /* Products */;
			projectDirPath = "";
			projectRoot = "";
			targets = (
				D6036C741DAE8573007BECE0 /* debsZoo */,
			);
		};
/* End PBXProject section */

/* Begin PBXSourcesBuildPhase section */
		D6036C711DAE8573007BECE0 /* Sources */ = {
			isa = PBXSourcesBuildPhase;
			buildActionMask = 2147483647;
			files = (
				D6036C791DAE8573007BECE0 /* main.swift in Sources */,
				D6036C921DAE9210007BECE0 /* person.swift in Sources */,
				D6036C941DAEAE25007BECE0 /* debsZoo.swift in Sources */,
				D6036C901DAE91F3007BECE0 /* animal.swift in Sources */,
				D6036C8E1DAE90FA007BECE0 /* interactive.swift in Sources */,
				D6036C8C1DAE90DD007BECE0 /* Io.swift in Sources */,
			);
			runOnlyForDeploymentPostprocessing = 0;
		};
/* End PBXSourcesBuildPhase section */

/* Begin XCBuildConfiguration section */
		D6036C7A1DAE8573007BECE0 /* Debug */ = {
			isa = XCBuildConfiguration;
			buildSettings = {
				ALWAYS_SEARCH_USER_PATHS = NO;
				CLANG_ANALYZER_NONNULL = YES;
				CLANG_CXX_LANGUAGE_STANDARD = "gnu++0x";
				CLANG_CXX_LIBRARY = "libc++";
				CLANG_ENABLE_MODULES = YES;
				CLANG_ENABLE_OBJC_ARC = YES;
				CLANG_WARN_BOOL_CONVERSION = YES;
				CLANG_WARN_CONSTANT_CONVERSION = YES;
				CLANG_WARN_DIRECT_OBJC_ISA_USAGE = YES_ERROR;
				CLANG_WARN_DOCUMENTATION_COMMENTS = YES;
				CLANG_WARN_EMPTY_BODY = YES;
				CLANG_WARN_ENUM_CONVERSION = YES;
				CLANG_WARN_INFINITE_RECURSION = YES;
				CLANG_WARN_INT_CONVERSION = YES;
				CLANG_WARN_OBJC_ROOT_CLASS = YES_ERROR;
				CLANG_WARN_SUSPICIOUS_MOVES = YES;
				CLANG_WARN_UNREACHABLE_CODE = YES;
				CLANG_WARN__DUPLICATE_METHOD_MATCH = YES;
				CODE_SIGN_IDENTITY = "-";
				COPY_PHASE_STRIP = NO;
				DEBUG_INFORMATION_FORMAT = dwarf;
				ENABLE_STRICT_OBJC_MSGSEND = YES;
				ENABLE_TESTABILITY = YES;
				GCC_C_LANGUAGE_STANDARD = gnu99;
				GCC_DYNAMIC_NO_PIC = NO;
				GCC_NO_COMMON_BLOCKS = YES;
				GCC_OPTIMIZATION_LEVEL = 0;
				GCC_PREPROCESSOR_DEFINITIONS = (
					"DEBUG=1",
					"$(inherited)",
				);
				GCC_WARN_64_TO_32_BIT_CONVERSION = YES;
				GCC_WARN_ABOUT_RETURN_TYPE = YES_ERROR;
				GCC_WARN_UNDECLARED_SELECTOR = YES;
				GCC_WARN_UNINITIALIZED_AUTOS = YES_AGGRESSIVE;
				GCC_WARN_UNUSED_FUNCTION = YES;
				GCC_WARN_UNUSED_VARIABLE = YES;
				MACOSX_DEPLOYMENT_TARGET = 10.11;
				MTL_ENABLE_DEBUG_INFO = YES;
				ONLY_ACTIVE_ARCH = YES;
				SDKROOT = macosx;
				SWIFT_OPTIMIZATION_LEVEL = "-Onone";
			};
			name = Debug;
		};
		D6036C7B1DAE8573007BECE0 /* Release */ = {
			isa = XCBuildConfiguration;
			buildSettings = {
				ALWAYS_SEARCH_USER_PATHS = NO;
				CLANG_ANALYZER_NONNULL = YES;
				CLANG_CXX_LANGUAGE_STANDARD = "gnu++0x";
				CLANG_CXX_LIBRARY = "libc++";
				CLANG_ENABLE_MODULES = YES;
				CLANG_ENABLE_OBJC_ARC = YES;
				CLANG_WARN_BOOL_CONVERSION = YES;
				CLANG_WARN_CONSTANT_CONVERSION = YES;
				CLANG_WARN_DIRECT_OBJC_ISA_USAGE = YES_ERROR;
				CLANG_WARN_DOCUMENTATION_COMMENTS = YES;
				CLANG_WARN_EMPTY_BODY = YES;
				CLANG_WARN_ENUM_CONVERSION = YES;
				CLANG_WARN_INFINITE_RECURSION = YES;
				CLANG_WARN_INT_CONVERSION = YES;
				CLANG_WARN_OBJC_ROOT_CLASS = YES_ERROR;
				CLANG_WARN_SUSPICIOUS_MOVES = YES;
				CLANG_WARN_UNREACHABLE_CODE = YES;
				CLANG_WARN__DUPLICATE_METHOD_MATCH = YES;
				CODE_SIGN_IDENTITY = "-";
				COPY_PHASE_STRIP = NO;
				DEBUG_INFORMATION_FORMAT = "dwarf-with-dsym";
				ENABLE_NS_ASSERTIONS = NO;
				ENABLE_STRICT_OBJC_MSGSEND = YES;
				GCC_C_LANGUAGE_STANDARD = gnu99;
				GCC_NO_COMMON_BLOCKS = YES;
				GCC_WARN_64_TO_32_BIT_CONVERSION = YES;
				GCC_WARN_ABOUT_RETURN_TYPE = YES_ERROR;
				GCC_WARN_UNDECLARED_SELECTOR = YES;
				GCC_WARN_UNINITIALIZED_AUTOS = YES_AGGRESSIVE;
				GCC_WARN_UNUSED_FUNCTION = YES;
				GCC_WARN_UNUSED_VARIABLE = YES;
				MACOSX_DEPLOYMENT_TARGET = 10.11;
				MTL_ENABLE_DEBUG_INFO = NO;
				SDKROOT = macosx;
			};
			name = Release;
		};
		D6036C7D1DAE8573007BECE0 /* Debug */ = {
			isa = XCBuildConfiguration;
			buildSettings = {
				DEVELOPMENT_TEAM = QX26TGVMF2;
				PRODUCT_NAME = "$(TARGET_NAME)";
				SWIFT_VERSION = 3.0;
			};
			name = Debug;
		};
		D6036C7E1DAE8573007BECE0 /* Release */ = {
			isa = XCBuildConfiguration;
			buildSettings = {
				DEVELOPMENT_TEAM = QX26TGVMF2;
				PRODUCT_NAME = "$(TARGET_NAME)";
				SWIFT_VERSION = 3.0;
			};
			name = Release;
		};
/* End XCBuildConfiguration section */

/* Begin XCConfigurationList section */
		D6036C701DAE8573007BECE0 /* Build configuration list for PBXProject "debsZoo" */ = {
			isa = XCConfigurationList;
			buildConfigurations = (
				D6036C7A1DAE8573007BECE0 /* Debug */,
				D6036C7B1DAE8573007BECE0 /* Release */,
			);
			defaultConfigurationIsVisible = 0;
			defaultConfigurationName = Release;
		};
		D6036C7C1DAE8573007BECE0 /* Build configuration list for PBXNativeTarget "debsZoo" */ = {
			isa = XCConfigurationList;
			buildConfigurations = (
				D6036C7D1DAE8573007BECE0 /* Debug */,
				D6036C7E1DAE8573007BECE0 /* Release */,
			);
			defaultConfigurationIsVisible = 0;
		};
/* End XCConfigurationList section */
	};
	rootObject = D6036C6D1DAE8573007BECE0 /* Project object */;
}
